
Microsoft Visual Studio Solution File, Format Version 12.00
# Visual Studio Version 17
VisualStudioVersion = 17.5.33424.131
MinimumVisualStudioVersion = 10.0.40219.1
Project("{FAE04EC0-301F-11D3-BF4B-00C04F79EFBC}") = "LINQ_HW", "LINQ_HW\LINQ_HW.csproj", "{BCEA024E-BF04-4551-BDFD-3258A830879C}"
EndProject
Global
	GlobalSection(SolutionConfigurationPlatforms) = preSolution
		Debug|Any CPU = Debug|Any CPU
		Release|Any CPU = Release|Any CPU
	EndGlobalSection
	GlobalSection(ProjectConfigurationPlatforms) = postSolution
		{BCEA024E-BF04-4551-BDFD-3258A830879C}.Debug|Any CPU.ActiveCfg = Debug|Any CPU
		{BCEA024E-BF04-4551-BDFD-3258A830879C}.Debug|Any CPU.Build.0 = Debug|Any CPU
		{BCEA024E-BF04-4551-BDFD-3258A830879C}.Release|Any CPU.ActiveCfg = Release|Any CPU
		{BCEA024E-BF04-4551-BDFD-3258A830879C}.Release|Any CPU.Build.0 = Release|Any CPU
	EndGlobalSection
	GlobalSection(SolutionProperties) = preSolution
		HideSolutionNode = FALSE
	EndGlobalSection
	GlobalSection(ExtensibilityGlobals) = postSolution
		SolutionGuid = {5BD0CF7F-8A66-48F2-828E-61DA553E38E8}
	EndGlobalSection
EndGlobal
